{
  "requires": true,
  "lockfileVersion": 1,
  "dependencies": {
    "bootstrap": {
      "version": "5.1.3",
      "resolved": "https://registry.npmjs.org/bootstrap/-/bootstrap-5.1.3.tgz",
      "integrity": "sha512-fcQztozJ8jToQWXxVuEyXWW+dSo8AiXWKwiSSrKWsRB/Qt+Ewwza+JWoLKiTuQLaEPhdNAJ7+Dosc9DOIqNy7Q=="
    },
    "startbootstrap-creative": {
      "version": "7.0.6",
      "resolved": "https://registry.npmjs.org/startbootstrap-creative/-/startbootstrap-creative-7.0.6.tgz",
      "integrity": "sha512-jOe3JI2Wj+IgZQUT+ZSzutIoCkV4h1NdDhroM8noLZ87hnWQCNJ4olk/owgMAI9A9h6+MxRKhioLpJW0isRboQ==",
      "requires": {
        "bootstrap": "5.1.3"
      }
    }
  }
}
